
Microsoft Visual Studio Solution File, Format Version 12.00
# Visual Studio 14
VisualStudioVersion = 14.0.22310.1
MinimumVisualStudioVersion = 10.0.40219.1
Project("{FAE04EC0-301F-11D3-BF4B-00C04F79EFBC}") = "ExpressionLinks", "ExpressionLinks\ExpressionLinks.csproj", "{D16CBB32-6738-46A2-B5AB-B543193F8359}"
EndProject
Global
	GlobalSection(SolutionConfigurationPlatforms) = preSolution
		Debug|Any CPU = Debug|Any CPU
		Release|Any CPU = Release|Any CPU
	EndGlobalSection
	GlobalSection(ProjectConfigurationPlatforms) = postSolution
		{D16CBB32-6738-46A2-B5AB-B543193F8359}.Debug|Any CPU.ActiveCfg = Debug|Any CPU
		{D16CBB32-6738-46A2-B5AB-B543193F8359}.Debug|Any CPU.Build.0 = Debug|Any CPU
		{D16CBB32-6738-46A2-B5AB-B543193F8359}.Release|Any CPU.ActiveCfg = Release|Any CPU
		{D16CBB32-6738-46A2-B5AB-B543193F8359}.Release|Any CPU.Build.0 = Release|Any CPU
	EndGlobalSection
	GlobalSection(SolutionProperties) = preSolution
		HideSolutionNode = FALSE
	EndGlobalSection
EndGlobal
